// !$*UTF8*$!
{
	archiveVersion = 1;
	classes = {
	};
	objectVersion = 56;
	objects = {

/* Begin PBXBuildFile section */
		B1EB23EC2ABEF79200BC336B /* AppDelegate.swift in Sources */ = {isa = PBXBuildFile; fileRef = B1EB23EB2ABEF79200BC336B /* AppDelegate.swift */; };
		B1EB23EE2ABEF79200BC336B /* SceneDelegate.swift in Sources */ = {isa = PBXBuildFile; fileRef = B1EB23ED2ABEF79200BC336B /* SceneDelegate.swift */; };
		B1EB23F02ABEF79200BC336B /* ViewController.swift in Sources */ = {isa = PBXBuildFile; fileRef = B1EB23EF2ABEF79200BC336B /* ViewController.swift */; };
		B1EB23F32ABEF79200BC336B /* Main.storyboard in Resources */ = {isa = PBXBuildFile; fileRef = B1EB23F12ABEF79200BC336B /* Main.storyboard */; };
		B1EB23F52ABEF79300BC336B /* Assets.xcassets in Resources */ = {isa = PBXBuildFile; fileRef = B1EB23F42ABEF79300BC336B /* Assets.xcassets */; };
		B1EB23F82ABEF79300BC336B /* LaunchScreen.storyboard in Resources */ = {isa = PBXBuildFile; fileRef = B1EB23F62ABEF79300BC336B /* LaunchScreen.storyboard */; };
		B1EB24032ABEF79400BC336B /* MovieBuffTests.swift in Sources */ = {isa = PBXBuildFile; fileRef = B1EB24022ABEF79400BC336B /* MovieBuffTests.swift */; };
		B1EB240D2ABEF79400BC336B /* MovieBuffUITests.swift in Sources */ = {isa = PBXBuildFile; fileRef = B1EB240C2ABEF79400BC336B /* MovieBuffUITests.swift */; };
		B1EB240F2ABEF79400BC336B /* MovieBuffUITestsLaunchTests.swift in Sources */ = {isa = PBXBuildFile; fileRef = B1EB240E2ABEF79400BC336B /* MovieBuffUITestsLaunchTests.swift */; };
		B1EB24202ABEF9D000BC336B /* Movies.swift in Sources */ = {isa = PBXBuildFile; fileRef = B1EB241F2ABEF9D000BC336B /* Movies.swift */; };
		B1EB24222ABEFBF000BC336B /* MockData.swift in Sources */ = {isa = PBXBuildFile; fileRef = B1EB24212ABEFBF000BC336B /* MockData.swift */; };
		B1EB24252ABEFDC600BC336B /* MovieListViewController.swift in Sources */ = {isa = PBXBuildFile; fileRef = B1EB24242ABEFDC600BC336B /* MovieListViewController.swift */; };
		B1EB24282ABEFDDE00BC336B /* MovieListViewModel.swift in Sources */ = {isa = PBXBuildFile; fileRef = B1EB24272ABEFDDE00BC336B /* MovieListViewModel.swift */; };
		B1EB242A2ABEFEC700BC336B /* MovieCell.swift in Sources */ = {isa = PBXBuildFile; fileRef = B1EB24292ABEFEC700BC336B /* MovieCell.swift */; };
		B1EB242C2ABEFF9800BC336B /* MovieCellViewModel.swift in Sources */ = {isa = PBXBuildFile; fileRef = B1EB242B2ABEFF9800BC336B /* MovieCellViewModel.swift */; };
		B1EB242F2ABF048900BC336B /* MovieBuffError.swift in Sources */ = {isa = PBXBuildFile; fileRef = B1EB242E2ABF048900BC336B /* MovieBuffError.swift */; };
		B1EB24312ABF0D9A00BC336B /* SelectPlaylistBottomSheetView.swift in Sources */ = {isa = PBXBuildFile; fileRef = B1EB24302ABF0D9A00BC336B /* SelectPlaylistBottomSheetView.swift */; };
		B1EB24332ABF0DDF00BC336B /* Playlist.swift in Sources */ = {isa = PBXBuildFile; fileRef = B1EB24322ABF0DDF00BC336B /* Playlist.swift */; };
		B1EB24362ABF168700BC336B /* UIImageView+Extension.swift in Sources */ = {isa = PBXBuildFile; fileRef = B1EB24352ABF168700BC336B /* UIImageView+Extension.swift */; };
		B1EB24392ABF194A00BC336B /* GlobalConstants.swift in Sources */ = {isa = PBXBuildFile; fileRef = B1EB24382ABF194A00BC336B /* GlobalConstants.swift */; };
/* End PBXBuildFile section */

/* Begin PBXContainerItemProxy section */
		B1EB23FF2ABEF79400BC336B /* PBXContainerItemProxy */ = {
			isa = PBXContainerItemProxy;
			containerPortal = B1EB23E02ABEF79200BC336B /* Project object */;
			proxyType = 1;
			remoteGlobalIDString = B1EB23E72ABEF79200BC336B;
			remoteInfo = MovieBuff;
		};
		B1EB24092ABEF79400BC336B /* PBXContainerItemProxy */ = {
			isa = PBXContainerItemProxy;
			containerPortal = B1EB23E02ABEF79200BC336B /* Project object */;
			proxyType = 1;
			remoteGlobalIDString = B1EB23E72ABEF79200BC336B;
			remoteInfo = MovieBuff;
		};
/* End PBXContainerItemProxy section */

/* Begin PBXFileReference section */
		B1EB23E82ABEF79200BC336B /* MovieBuff.app */ = {isa = PBXFileReference; explicitFileType = wrapper.application; includeInIndex = 0; path = MovieBuff.app; sourceTree = BUILT_PRODUCTS_DIR; };
		B1EB23EB2ABEF79200BC336B /* AppDelegate.swift */ = {isa = PBXFileReference; lastKnownFileType = sourcecode.swift; path = AppDelegate.swift; sourceTree = "<group>"; };
		B1EB23ED2ABEF79200BC336B /* SceneDelegate.swift */ = {isa = PBXFileReference; lastKnownFileType = sourcecode.swift; path = SceneDelegate.swift; sourceTree = "<group>"; };
		B1EB23EF2ABEF79200BC336B /* ViewController.swift */ = {isa = PBXFileReference; lastKnownFileType = sourcecode.swift; path = ViewController.swift; sourceTree = "<group>"; };
		B1EB23F22ABEF79200BC336B /* Base */ = {isa = PBXFileReference; lastKnownFileType = file.storyboard; name = Base; path = Base.lproj/Main.storyboard; sourceTree = "<group>"; };
		B1EB23F42ABEF79300BC336B /* Assets.xcassets */ = {isa = PBXFileReference; lastKnownFileType = folder.assetcatalog; path = Assets.xcassets; sourceTree = "<group>"; };
		B1EB23F72ABEF79300BC336B /* Base */ = {isa = PBXFileReference; lastKnownFileType = file.storyboard; name = Base; path = Base.lproj/LaunchScreen.storyboard; sourceTree = "<group>"; };
		B1EB23F92ABEF79300BC336B /* Info.plist */ = {isa = PBXFileReference; lastKnownFileType = text.plist.xml; path = Info.plist; sourceTree = "<group>"; };
		B1EB23FE2ABEF79400BC336B /* MovieBuffTests.xctest */ = {isa = PBXFileReference; explicitFileType = wrapper.cfbundle; includeInIndex = 0; path = MovieBuffTests.xctest; sourceTree = BUILT_PRODUCTS_DIR; };
		B1EB24022ABEF79400BC336B /* MovieBuffTests.swift */ = {isa = PBXFileReference; lastKnownFileType = sourcecode.swift; path = MovieBuffTests.swift; sourceTree = "<group>"; };
		B1EB24082ABEF79400BC336B /* MovieBuffUITests.xctest */ = {isa = PBXFileReference; explicitFileType = wrapper.cfbundle; includeInIndex = 0; path = MovieBuffUITests.xctest; sourceTree = BUILT_PRODUCTS_DIR; };
		B1EB240C2ABEF79400BC336B /* MovieBuffUITests.swift */ = {isa = PBXFileReference; lastKnownFileType = sourcecode.swift; path = MovieBuffUITests.swift; sourceTree = "<group>"; };
		B1EB240E2ABEF79400BC336B /* MovieBuffUITestsLaunchTests.swift */ = {isa = PBXFileReference; lastKnownFileType = sourcecode.swift; path = MovieBuffUITestsLaunchTests.swift; sourceTree = "<group>"; };
		B1EB241F2ABEF9D000BC336B /* Movies.swift */ = {isa = PBXFileReference; lastKnownFileType = sourcecode.swift; path = Movies.swift; sourceTree = "<group>"; };
		B1EB24212ABEFBF000BC336B /* MockData.swift */ = {isa = PBXFileReference; lastKnownFileType = sourcecode.swift; path = MockData.swift; sourceTree = "<group>"; };
		B1EB24242ABEFDC600BC336B /* MovieListViewController.swift */ = {isa = PBXFileReference; lastKnownFileType = sourcecode.swift; path = MovieListViewController.swift; sourceTree = "<group>"; };
		B1EB24272ABEFDDE00BC336B /* MovieListViewModel.swift */ = {isa = PBXFileReference; lastKnownFileType = sourcecode.swift; path = MovieListViewModel.swift; sourceTree = "<group>"; };
		B1EB24292ABEFEC700BC336B /* MovieCell.swift */ = {isa = PBXFileReference; lastKnownFileType = sourcecode.swift; path = MovieCell.swift; sourceTree = "<group>"; };
		B1EB242B2ABEFF9800BC336B /* MovieCellViewModel.swift */ = {isa = PBXFileReference; lastKnownFileType = sourcecode.swift; path = MovieCellViewModel.swift; sourceTree = "<group>"; };
		B1EB242E2ABF048900BC336B /* MovieBuffError.swift */ = {isa = PBXFileReference; lastKnownFileType = sourcecode.swift; path = MovieBuffError.swift; sourceTree = "<group>"; };
		B1EB24302ABF0D9A00BC336B /* SelectPlaylistBottomSheetView.swift */ = {isa = PBXFileReference; lastKnownFileType = sourcecode.swift; path = SelectPlaylistBottomSheetView.swift; sourceTree = "<group>"; };
		B1EB24322ABF0DDF00BC336B /* Playlist.swift */ = {isa = PBXFileReference; lastKnownFileType = sourcecode.swift; path = Playlist.swift; sourceTree = "<group>"; };
		B1EB24352ABF168700BC336B /* UIImageView+Extension.swift */ = {isa = PBXFileReference; lastKnownFileType = sourcecode.swift; path = "UIImageView+Extension.swift"; sourceTree = "<group>"; };
		B1EB24382ABF194A00BC336B /* GlobalConstants.swift */ = {isa = PBXFileReference; lastKnownFileType = sourcecode.swift; path = GlobalConstants.swift; sourceTree = "<group>"; };
/* End PBXFileReference section */

/* Begin PBXFrameworksBuildPhase section */
		B1EB23E52ABEF79200BC336B /* Frameworks */ = {
			isa = PBXFrameworksBuildPhase;
			buildActionMask = 2147483647;
			files = (
			);
			runOnlyForDeploymentPostprocessing = 0;
		};
		B1EB23FB2ABEF79400BC336B /* Frameworks */ = {
			isa = PBXFrameworksBuildPhase;
			buildActionMask = 2147483647;
			files = (
			);
			runOnlyForDeploymentPostprocessing = 0;
		};
		B1EB24052ABEF79400BC336B /* Frameworks */ = {
			isa = PBXFrameworksBuildPhase;
			buildActionMask = 2147483647;
			files = (
			);
			runOnlyForDeploymentPostprocessing = 0;
		};
/* End PBXFrameworksBuildPhase section */

/* Begin PBXGroup section */
		B1EB23DF2ABEF79200BC336B = {
			isa = PBXGroup;
			children = (
				B1EB23EA2ABEF79200BC336B /* MovieBuff */,
				B1EB24012ABEF79400BC336B /* MovieBuffTests */,
				B1EB240B2ABEF79400BC336B /* MovieBuffUITests */,
				B1EB23E92ABEF79200BC336B /* Products */,
			);
			sourceTree = "<group>";
		};
		B1EB23E92ABEF79200BC336B /* Products */ = {
			isa = PBXGroup;
			children = (
				B1EB23E82ABEF79200BC336B /* MovieBuff.app */,
				B1EB23FE2ABEF79400BC336B /* MovieBuffTests.xctest */,
				B1EB24082ABEF79400BC336B /* MovieBuffUITests.xctest */,
			);
			name = Products;
			sourceTree = "<group>";
		};
		B1EB23EA2ABEF79200BC336B /* MovieBuff */ = {
			isa = PBXGroup;
			children = (
				B1EB24372ABF193600BC336B /* GlobalConstants */,
				B1EB24342ABF167600BC336B /* Utilities */,
				B1EB242D2ABF048200BC336B /* Error */,
				B1EB241B2ABEF7F700BC336B /* Modules */,
				B1EB23EB2ABEF79200BC336B /* AppDelegate.swift */,
				B1EB23ED2ABEF79200BC336B /* SceneDelegate.swift */,
				B1EB23EF2ABEF79200BC336B /* ViewController.swift */,
				B1EB23F12ABEF79200BC336B /* Main.storyboard */,
				B1EB23F42ABEF79300BC336B /* Assets.xcassets */,
				B1EB23F62ABEF79300BC336B /* LaunchScreen.storyboard */,
				B1EB23F92ABEF79300BC336B /* Info.plist */,
				B1EB24212ABEFBF000BC336B /* MockData.swift */,
			);
			path = MovieBuff;
			sourceTree = "<group>";
		};
		B1EB24012ABEF79400BC336B /* MovieBuffTests */ = {
			isa = PBXGroup;
			children = (
				B1EB24022ABEF79400BC336B /* MovieBuffTests.swift */,
			);
			path = MovieBuffTests;
			sourceTree = "<group>";
		};
		B1EB240B2ABEF79400BC336B /* MovieBuffUITests */ = {
			isa = PBXGroup;
			children = (
				B1EB240C2ABEF79400BC336B /* MovieBuffUITests.swift */,
				B1EB240E2ABEF79400BC336B /* MovieBuffUITestsLaunchTests.swift */,
			);
			path = MovieBuffUITests;
			sourceTree = "<group>";
		};
		B1EB241B2ABEF7F700BC336B /* Modules */ = {
			isa = PBXGroup;
			children = (
				B1EB241C2ABEF7FB00BC336B /* MovieList */,
			);
			path = Modules;
			sourceTree = "<group>";
		};
		B1EB241C2ABEF7FB00BC336B /* MovieList */ = {
			isa = PBXGroup;
			children = (
				B1EB241E2ABEF98D00BC336B /* Model */,
				B1EB24262ABEFDCC00BC336B /* ViewModel */,
				B1EB24232ABEFDBC00BC336B /* View */,
			);
			path = MovieList;
			sourceTree = "<group>";
		};
		B1EB241E2ABEF98D00BC336B /* Model */ = {
			isa = PBXGroup;
			children = (
				B1EB241F2ABEF9D000BC336B /* Movies.swift */,
				B1EB24322ABF0DDF00BC336B /* Playlist.swift */,
			);
			path = Model;
			sourceTree = "<group>";
		};
		B1EB24232ABEFDBC00BC336B /* View */ = {
			isa = PBXGroup;
			children = (
				B1EB24242ABEFDC600BC336B /* MovieListViewController.swift */,
				B1EB24292ABEFEC700BC336B /* MovieCell.swift */,
				B1EB24302ABF0D9A00BC336B /* SelectPlaylistBottomSheetView.swift */,
			);
			path = View;
			sourceTree = "<group>";
		};
		B1EB24262ABEFDCC00BC336B /* ViewModel */ = {
			isa = PBXGroup;
			children = (
				B1EB24272ABEFDDE00BC336B /* MovieListViewModel.swift */,
				B1EB242B2ABEFF9800BC336B /* MovieCellViewModel.swift */,
			);
			path = ViewModel;
			sourceTree = "<group>";
		};
		B1EB242D2ABF048200BC336B /* Error */ = {
			isa = PBXGroup;
			children = (
				B1EB242E2ABF048900BC336B /* MovieBuffError.swift */,
			);
			path = Error;
			sourceTree = "<group>";
		};
		B1EB24342ABF167600BC336B /* Utilities */ = {
			isa = PBXGroup;
			children = (
				B1EB24352ABF168700BC336B /* UIImageView+Extension.swift */,
			);
			path = Utilities;
			sourceTree = "<group>";
		};
		B1EB24372ABF193600BC336B /* GlobalConstants */ = {
			isa = PBXGroup;
			children = (
				B1EB24382ABF194A00BC336B /* GlobalConstants.swift */,
			);
			path = GlobalConstants;
			sourceTree = "<group>";
		};
/* End PBXGroup section */

/* Begin PBXNativeTarget section */
		B1EB23E72ABEF79200BC336B /* MovieBuff */ = {
			isa = PBXNativeTarget;
			buildConfigurationList = B1EB24122ABEF79400BC336B /* Build configuration list for PBXNativeTarget "MovieBuff" */;
			buildPhases = (
				B1EB23E42ABEF79200BC336B /* Sources */,
				B1EB23E52ABEF79200BC336B /* Frameworks */,
				B1EB23E62ABEF79200BC336B /* Resources */,
			);
			buildRules = (
			);
			dependencies = (
			);
			name = MovieBuff;
			productName = MovieBuff;
			productReference = B1EB23E82ABEF79200BC336B /* MovieBuff.app */;
			productType = "com.apple.product-type.application";
		};
		B1EB23FD2ABEF79400BC336B /* MovieBuffTests */ = {
			isa = PBXNativeTarget;
			buildConfigurationList = B1EB24152ABEF79400BC336B /* Build configuration list for PBXNativeTarget "MovieBuffTests" */;
			buildPhases = (
				B1EB23FA2ABEF79400BC336B /* Sources */,
				B1EB23FB2ABEF79400BC336B /* Frameworks */,
				B1EB23FC2ABEF79400BC336B /* Resources */,
			);
			buildRules = (
			);
			dependencies = (
				B1EB24002ABEF79400BC336B /* PBXTargetDependency */,
			);
			name = MovieBuffTests;
			productName = MovieBuffTests;
			productReference = B1EB23FE2ABEF79400BC336B /* MovieBuffTests.xctest */;
			productType = "com.apple.product-type.bundle.unit-test";
		};
		B1EB24072ABEF79400BC336B /* MovieBuffUITests */ = {
			isa = PBXNativeTarget;
			buildConfigurationList = B1EB24182ABEF79400BC336B /* Build configuration list for PBXNativeTarget "MovieBuffUITests" */;
			buildPhases = (
				B1EB24042ABEF79400BC336B /* Sources */,
				B1EB24052ABEF79400BC336B /* Frameworks */,
				B1EB24062ABEF79400BC336B /* Resources */,
			);
			buildRules = (
			);
			dependencies = (
				B1EB240A2ABEF79400BC336B /* PBXTargetDependency */,
			);
			name = MovieBuffUITests;
			productName = MovieBuffUITests;
			productReference = B1EB24082ABEF79400BC336B /* MovieBuffUITests.xctest */;
			productType = "com.apple.product-type.bundle.ui-testing";
		};
/* End PBXNativeTarget section */

/* Begin PBXProject section */
		B1EB23E02ABEF79200BC336B /* Project object */ = {
			isa = PBXProject;
			attributes = {
				BuildIndependentTargetsInParallel = 1;
				LastSwiftUpdateCheck = 1420;
				LastUpgradeCheck = 1420;
				TargetAttributes = {
					B1EB23E72ABEF79200BC336B = {
						CreatedOnToolsVersion = 14.2;
					};
					B1EB23FD2ABEF79400BC336B = {
						CreatedOnToolsVersion = 14.2;
						TestTargetID = B1EB23E72ABEF79200BC336B;
					};
					B1EB24072ABEF79400BC336B = {
						CreatedOnToolsVersion = 14.2;
						TestTargetID = B1EB23E72ABEF79200BC336B;
					};
				};
			};
			buildConfigurationList = B1EB23E32ABEF79200BC336B /* Build configuration list for PBXProject "MovieBuff" */;
			compatibilityVersion = "Xcode 14.0";
			developmentRegion = en;
			hasScannedForEncodings = 0;
			knownRegions = (
				en,
				Base,
			);
			mainGroup = B1EB23DF2ABEF79200BC336B;
			productRefGroup = B1EB23E92ABEF79200BC336B /* Products */;
			projectDirPath = "";
			projectRoot = "";
			targets = (
				B1EB23E72ABEF79200BC336B /* MovieBuff */,
				B1EB23FD2ABEF79400BC336B /* MovieBuffTests */,
				B1EB24072ABEF79400BC336B /* MovieBuffUITests */,
			);
		};
/* End PBXProject section */

/* Begin PBXResourcesBuildPhase section */
		B1EB23E62ABEF79200BC336B /* Resources */ = {
			isa = PBXResourcesBuildPhase;
			buildActionMask = 2147483647;
			files = (
				B1EB23F82ABEF79300BC336B /* LaunchScreen.storyboard in Resources */,
				B1EB23F52ABEF79300BC336B /* Assets.xcassets in Resources */,
				B1EB23F32ABEF79200BC336B /* Main.storyboard in Resources */,
			);
			runOnlyForDeploymentPostprocessing = 0;
		};
		B1EB23FC2ABEF79400BC336B /* Resources */ = {
			isa = PBXResourcesBuildPhase;
			buildActionMask = 2147483647;
			files = (
			);
			runOnlyForDeploymentPostprocessing = 0;
		};
		B1EB24062ABEF79400BC336B /* Resources */ = {
			isa = PBXResourcesBuildPhase;
			buildActionMask = 2147483647;
			files = (
			);
			runOnlyForDeploymentPostprocessing = 0;
		};
/* End PBXResourcesBuildPhase section */

/* Begin PBXSourcesBuildPhase section */
		B1EB23E42ABEF79200BC336B /* Sources */ = {
			isa = PBXSourcesBuildPhase;
			buildActionMask = 2147483647;
			files = (
				B1EB23F02ABEF79200BC336B /* ViewController.swift in Sources */,
				B1EB24202ABEF9D000BC336B /* Movies.swift in Sources */,
				B1EB242A2ABEFEC700BC336B /* MovieCell.swift in Sources */,
				B1EB23EC2ABEF79200BC336B /* AppDelegate.swift in Sources */,
				B1EB24392ABF194A00BC336B /* GlobalConstants.swift in Sources */,
				B1EB242C2ABEFF9800BC336B /* MovieCellViewModel.swift in Sources */,
				B1EB242F2ABF048900BC336B /* MovieBuffError.swift in Sources */,
				B1EB24312ABF0D9A00BC336B /* SelectPlaylistBottomSheetView.swift in Sources */,
				B1EB24282ABEFDDE00BC336B /* MovieListViewModel.swift in Sources */,
				B1EB24252ABEFDC600BC336B /* MovieListViewController.swift in Sources */,
				B1EB23EE2ABEF79200BC336B /* SceneDelegate.swift in Sources */,
				B1EB24222ABEFBF000BC336B /* MockData.swift in Sources */,
				B1EB24332ABF0DDF00BC336B /* Playlist.swift in Sources */,
				B1EB24362ABF168700BC336B /* UIImageView+Extension.swift in Sources */,
			);
			runOnlyForDeploymentPostprocessing = 0;
		};
		B1EB23FA2ABEF79400BC336B /* Sources */ = {
			isa = PBXSourcesBuildPhase;
			buildActionMask = 2147483647;
			files = (
				B1EB24032ABEF79400BC336B /* MovieBuffTests.swift in Sources */,
			);
			runOnlyForDeploymentPostprocessing = 0;
		};
		B1EB24042ABEF79400BC336B /* Sources */ = {
			isa = PBXSourcesBuildPhase;
			buildActionMask = 2147483647;
			files = (
				B1EB240F2ABEF79400BC336B /* MovieBuffUITestsLaunchTests.swift in Sources */,
				B1EB240D2ABEF79400BC336B /* MovieBuffUITests.swift in Sources */,
			);
			runOnlyForDeploymentPostprocessing = 0;
		};
/* End PBXSourcesBuildPhase section */

/* Begin PBXTargetDependency section */
		B1EB24002ABEF79400BC336B /* PBXTargetDependency */ = {
			isa = PBXTargetDependency;
			target = B1EB23E72ABEF79200BC336B /* MovieBuff */;
			targetProxy = B1EB23FF2ABEF79400BC336B /* PBXContainerItemProxy */;
		};
		B1EB240A2ABEF79400BC336B /* PBXTargetDependency */ = {
			isa = PBXTargetDependency;
			target = B1EB23E72ABEF79200BC336B /* MovieBuff */;
			targetProxy = B1EB24092ABEF79400BC336B /* PBXContainerItemProxy */;
		};
/* End PBXTargetDependency section */

/* Begin PBXVariantGroup section */
		B1EB23F12ABEF79200BC336B /* Main.storyboard */ = {
			isa = PBXVariantGroup;
			children = (
				B1EB23F22ABEF79200BC336B /* Base */,
			);
			name = Main.storyboard;
			sourceTree = "<group>";
		};
		B1EB23F62ABEF79300BC336B /* LaunchScreen.storyboard */ = {
			isa = PBXVariantGroup;
			children = (
				B1EB23F72ABEF79300BC336B /* Base */,
			);
			name = LaunchScreen.storyboard;
			sourceTree = "<group>";
		};
/* End PBXVariantGroup section */

/* Begin XCBuildConfiguration section */
		B1EB24102ABEF79400BC336B /* Debug */ = {
			isa = XCBuildConfiguration;
			buildSettings = {
				ALWAYS_SEARCH_USER_PATHS = NO;
				CLANG_ANALYZER_NONNULL = YES;
				CLANG_ANALYZER_NUMBER_OBJECT_CONVERSION = YES_AGGRESSIVE;
				CLANG_CXX_LANGUAGE_STANDARD = "gnu++20";
				CLANG_ENABLE_MODULES = YES;
				CLANG_ENABLE_OBJC_ARC = YES;
				CLANG_ENABLE_OBJC_WEAK = YES;
				CLANG_WARN_BLOCK_CAPTURE_AUTORELEASING = YES;
				CLANG_WARN_BOOL_CONVERSION = YES;
				CLANG_WARN_COMMA = YES;
				CLANG_WARN_CONSTANT_CONVERSION = YES;
				CLANG_WARN_DEPRECATED_OBJC_IMPLEMENTATIONS = YES;
				CLANG_WARN_DIRECT_OBJC_ISA_USAGE = YES_ERROR;
				CLANG_WARN_DOCUMENTATION_COMMENTS = YES;
				CLANG_WARN_EMPTY_BODY = YES;
				CLANG_WARN_ENUM_CONVERSION = YES;
				CLANG_WARN_INFINITE_RECURSION = YES;
				CLANG_WARN_INT_CONVERSION = YES;
				CLANG_WARN_NON_LITERAL_NULL_CONVERSION = YES;
				CLANG_WARN_OBJC_IMPLICIT_RETAIN_SELF = YES;
				CLANG_WARN_OBJC_LITERAL_CONVERSION = YES;
				CLANG_WARN_OBJC_ROOT_CLASS = YES_ERROR;
				CLANG_WARN_QUOTED_INCLUDE_IN_FRAMEWORK_HEADER = YES;
				CLANG_WARN_RANGE_LOOP_ANALYSIS = YES;
				CLANG_WARN_STRICT_PROTOTYPES = YES;
				CLANG_WARN_SUSPICIOUS_MOVE = YES;
				CLANG_WARN_UNGUARDED_AVAILABILITY = YES_AGGRESSIVE;
				CLANG_WARN_UNREACHABLE_CODE = YES;
				CLANG_WARN__DUPLICATE_METHOD_MATCH = YES;
				COPY_PHASE_STRIP = NO;
				DEBUG_INFORMATION_FORMAT = dwarf;
				ENABLE_STRICT_OBJC_MSGSEND = YES;
				ENABLE_TESTABILITY = YES;
				GCC_C_LANGUAGE_STANDARD = gnu11;
				GCC_DYNAMIC_NO_PIC = NO;
				GCC_NO_COMMON_BLOCKS = YES;
				GCC_OPTIMIZATION_LEVEL = 0;
				GCC_PREPROCESSOR_DEFINITIONS = (
					"DEBUG=1",
					"$(inherited)",
				);
				GCC_WARN_64_TO_32_BIT_CONVERSION = YES;
				GCC_WARN_ABOUT_RETURN_TYPE = YES_ERROR;
				GCC_WARN_UNDECLARED_SELECTOR = YES;
				GCC_WARN_UNINITIALIZED_AUTOS = YES_AGGRESSIVE;
				GCC_WARN_UNUSED_FUNCTION = YES;
				GCC_WARN_UNUSED_VARIABLE = YES;
				IPHONEOS_DEPLOYMENT_TARGET = 16.2;
				MTL_ENABLE_DEBUG_INFO = INCLUDE_SOURCE;
				MTL_FAST_MATH = YES;
				ONLY_ACTIVE_ARCH = YES;
				SDKROOT = iphoneos;
				SWIFT_ACTIVE_COMPILATION_CONDITIONS = DEBUG;
				SWIFT_OPTIMIZATION_LEVEL = "-Onone";
			};
			name = Debug;
		};
		B1EB24112ABEF79400BC336B /* Release */ = {
			isa = XCBuildConfiguration;
			buildSettings = {
				ALWAYS_SEARCH_USER_PATHS = NO;
				CLANG_ANALYZER_NONNULL = YES;
				CLANG_ANALYZER_NUMBER_OBJECT_CONVERSION = YES_AGGRESSIVE;
				CLANG_CXX_LANGUAGE_STANDARD = "gnu++20";
				CLANG_ENABLE_MODULES = YES;
				CLANG_ENABLE_OBJC_ARC = YES;
				CLANG_ENABLE_OBJC_WEAK = YES;
				CLANG_WARN_BLOCK_CAPTURE_AUTORELEASING = YES;
				CLANG_WARN_BOOL_CONVERSION = YES;
				CLANG_WARN_COMMA = YES;
				CLANG_WARN_CONSTANT_CONVERSION = YES;
				CLANG_WARN_DEPRECATED_OBJC_IMPLEMENTATIONS = YES;
				CLANG_WARN_DIRECT_OBJC_ISA_USAGE = YES_ERROR;
				CLANG_WARN_DOCUMENTATION_COMMENTS = YES;
				CLANG_WARN_EMPTY_BODY = YES;
				CLANG_WARN_ENUM_CONVERSION = YES;
				CLANG_WARN_INFINITE_RECURSION = YES;
				CLANG_WARN_INT_CONVERSION = YES;
				CLANG_WARN_NON_LITERAL_NULL_CONVERSION = YES;
				CLANG_WARN_OBJC_IMPLICIT_RETAIN_SELF = YES;
				CLANG_WARN_OBJC_LITERAL_CONVERSION = YES;
				CLANG_WARN_OBJC_ROOT_CLASS = YES_ERROR;
				CLANG_WARN_QUOTED_INCLUDE_IN_FRAMEWORK_HEADER = YES;
				CLANG_WARN_RANGE_LOOP_ANALYSIS = YES;
				CLANG_WARN_STRICT_PROTOTYPES = YES;
				CLANG_WARN_SUSPICIOUS_MOVE = YES;
				CLANG_WARN_UNGUARDED_AVAILABILITY = YES_AGGRESSIVE;
				CLANG_WARN_UNREACHABLE_CODE = YES;
				CLANG_WARN__DUPLICATE_METHOD_MATCH = YES;
				COPY_PHASE_STRIP = NO;
				DEBUG_INFORMATION_FORMAT = "dwarf-with-dsym";
				ENABLE_NS_ASSERTIONS = NO;
				ENABLE_STRICT_OBJC_MSGSEND = YES;
				GCC_C_LANGUAGE_STANDARD = gnu11;
				GCC_NO_COMMON_BLOCKS = YES;
				GCC_WARN_64_TO_32_BIT_CONVERSION = YES;
				GCC_WARN_ABOUT_RETURN_TYPE = YES_ERROR;
				GCC_WARN_UNDECLARED_SELECTOR = YES;
				GCC_WARN_UNINITIALIZED_AUTOS = YES_AGGRESSIVE;
				GCC_WARN_UNUSED_FUNCTION = YES;
				GCC_WARN_UNUSED_VARIABLE = YES;
				IPHONEOS_DEPLOYMENT_TARGET = 16.2;
				MTL_ENABLE_DEBUG_INFO = NO;
				MTL_FAST_MATH = YES;
				SDKROOT = iphoneos;
				SWIFT_COMPILATION_MODE = wholemodule;
				SWIFT_OPTIMIZATION_LEVEL = "-O";
				VALIDATE_PRODUCT = YES;
			};
			name = Release;
		};
		B1EB24132ABEF79400BC336B /* Debug */ = {
			isa = XCBuildConfiguration;
			buildSettings = {
				ASSETCATALOG_COMPILER_APPICON_NAME = AppIcon;
				ASSETCATALOG_COMPILER_GLOBAL_ACCENT_COLOR_NAME = AccentColor;
				CODE_SIGN_STYLE = Automatic;
				CURRENT_PROJECT_VERSION = 1;
				DEVELOPMENT_TEAM = R886MN9VP4;
				GENERATE_INFOPLIST_FILE = YES;
				INFOPLIST_FILE = MovieBuff/Info.plist;
				INFOPLIST_KEY_UIApplicationSupportsIndirectInputEvents = YES;
				INFOPLIST_KEY_UILaunchStoryboardName = LaunchScreen;
				INFOPLIST_KEY_UIMainStoryboardFile = Main;
				INFOPLIST_KEY_UISupportedInterfaceOrientations_iPad = "UIInterfaceOrientationPortrait UIInterfaceOrientationPortraitUpsideDown UIInterfaceOrientationLandscapeLeft UIInterfaceOrientationLandscapeRight";
				INFOPLIST_KEY_UISupportedInterfaceOrientations_iPhone = "UIInterfaceOrientationPortrait UIInterfaceOrientationLandscapeLeft UIInterfaceOrientationLandscapeRight";
				LD_RUNPATH_SEARCH_PATHS = (
					"$(inherited)",
					"@executable_path/Frameworks",
				);
				MARKETING_VERSION = 1.0;
				PRODUCT_BUNDLE_IDENTIFIER = shreyas.MovieBuff;
				PRODUCT_NAME = "$(TARGET_NAME)";
				SWIFT_EMIT_LOC_STRINGS = YES;
				SWIFT_VERSION = 5.0;
				TARGETED_DEVICE_FAMILY = "1,2";
			};
			name = Debug;
		};
		B1EB24142ABEF79400BC336B /* Release */ = {
			isa = XCBuildConfiguration;
			buildSettings = {
				ASSETCATALOG_COMPILER_APPICON_NAME = AppIcon;
				ASSETCATALOG_COMPILER_GLOBAL_ACCENT_COLOR_NAME = AccentColor;
				CODE_SIGN_STYLE = Automatic;
				CURRENT_PROJECT_VERSION = 1;
				DEVELOPMENT_TEAM = R886MN9VP4;
				GENERATE_INFOPLIST_FILE = YES;
				INFOPLIST_FILE = MovieBuff/Info.plist;
				INFOPLIST_KEY_UIApplicationSupportsIndirectInputEvents = YES;
				INFOPLIST_KEY_UILaunchStoryboardName = LaunchScreen;
				INFOPLIST_KEY_UIMainStoryboardFile = Main;
				INFOPLIST_KEY_UISupportedInterfaceOrientations_iPad = "UIInterfaceOrientationPortrait UIInterfaceOrientationPortraitUpsideDown UIInterfaceOrientationLandscapeLeft UIInterfaceOrientationLandscapeRight";
				INFOPLIST_KEY_UISupportedInterfaceOrientations_iPhone = "UIInterfaceOrientationPortrait UIInterfaceOrientationLandscapeLeft UIInterfaceOrientationLandscapeRight";
				LD_RUNPATH_SEARCH_PATHS = (
					"$(inherited)",
					"@executable_path/Frameworks",
				);
				MARKETING_VERSION = 1.0;
				PRODUCT_BUNDLE_IDENTIFIER = shreyas.MovieBuff;
				PRODUCT_NAME = "$(TARGET_NAME)";
				SWIFT_EMIT_LOC_STRINGS = YES;
				SWIFT_VERSION = 5.0;
				TARGETED_DEVICE_FAMILY = "1,2";
			};
			name = Release;
		};
		B1EB24162ABEF79400BC336B /* Debug */ = {
			isa = XCBuildConfiguration;
			buildSettings = {
				ALWAYS_EMBED_SWIFT_STANDARD_LIBRARIES = YES;
				BUNDLE_LOADER = "$(TEST_HOST)";
				CODE_SIGN_STYLE = Automatic;
				CURRENT_PROJECT_VERSION = 1;
				DEVELOPMENT_TEAM = R886MN9VP4;
				GENERATE_INFOPLIST_FILE = YES;
				IPHONEOS_DEPLOYMENT_TARGET = 16.2;
				MARKETING_VERSION = 1.0;
				PRODUCT_BUNDLE_IDENTIFIER = shreyas.MovieBuffTests;
				PRODUCT_NAME = "$(TARGET_NAME)";
				SWIFT_EMIT_LOC_STRINGS = NO;
				SWIFT_VERSION = 5.0;
				TARGETED_DEVICE_FAMILY = "1,2";
				TEST_HOST = "$(BUILT_PRODUCTS_DIR)/MovieBuff.app/$(BUNDLE_EXECUTABLE_FOLDER_PATH)/MovieBuff";
			};
			name = Debug;
		};
		B1EB24172ABEF79400BC336B /* Release */ = {
			isa = XCBuildConfiguration;
			buildSettings = {
				ALWAYS_EMBED_SWIFT_STANDARD_LIBRARIES = YES;
				BUNDLE_LOADER = "$(TEST_HOST)";
				CODE_SIGN_STYLE = Automatic;
				CURRENT_PROJECT_VERSION = 1;
				DEVELOPMENT_TEAM = R886MN9VP4;
				GENERATE_INFOPLIST_FILE = YES;
				IPHONEOS_DEPLOYMENT_TARGET = 16.2;
				MARKETING_VERSION = 1.0;
				PRODUCT_BUNDLE_IDENTIFIER = shreyas.MovieBuffTests;
				PRODUCT_NAME = "$(TARGET_NAME)";
				SWIFT_EMIT_LOC_STRINGS = NO;
				SWIFT_VERSION = 5.0;
				TARGETED_DEVICE_FAMILY = "1,2";
				TEST_HOST = "$(BUILT_PRODUCTS_DIR)/MovieBuff.app/$(BUNDLE_EXECUTABLE_FOLDER_PATH)/MovieBuff";
			};
			name = Release;
		};
		B1EB24192ABEF79400BC336B /* Debug */ = {
			isa = XCBuildConfiguration;
			buildSettings = {
				ALWAYS_EMBED_SWIFT_STANDARD_LIBRARIES = YES;
				CODE_SIGN_STYLE = Automatic;
				CURRENT_PROJECT_VERSION = 1;
				DEVELOPMENT_TEAM = R886MN9VP4;
				GENERATE_INFOPLIST_FILE = YES;
				MARKETING_VERSION = 1.0;
				PRODUCT_BUNDLE_IDENTIFIER = shreyas.MovieBuffUITests;
				PRODUCT_NAME = "$(TARGET_NAME)";
				SWIFT_EMIT_LOC_STRINGS = NO;
				SWIFT_VERSION = 5.0;
				TARGETED_DEVICE_FAMILY = "1,2";
				TEST_TARGET_NAME = MovieBuff;
			};
			name = Debug;
		};
		B1EB241A2ABEF79400BC336B /* Release */ = {
			isa = XCBuildConfiguration;
			buildSettings = {
				ALWAYS_EMBED_SWIFT_STANDARD_LIBRARIES = YES;
				CODE_SIGN_STYLE = Automatic;
				CURRENT_PROJECT_VERSION = 1;
				DEVELOPMENT_TEAM = R886MN9VP4;
				GENERATE_INFOPLIST_FILE = YES;
				MARKETING_VERSION = 1.0;
				PRODUCT_BUNDLE_IDENTIFIER = shreyas.MovieBuffUITests;
				PRODUCT_NAME = "$(TARGET_NAME)";
				SWIFT_EMIT_LOC_STRINGS = NO;
				SWIFT_VERSION = 5.0;
				TARGETED_DEVICE_FAMILY = "1,2";
				TEST_TARGET_NAME = MovieBuff;
			};
			name = Release;
		};
/* End XCBuildConfiguration section */

/* Begin XCConfigurationList section */
		B1EB23E32ABEF79200BC336B /* Build configuration list for PBXProject "MovieBuff" */ = {
			isa = XCConfigurationList;
			buildConfigurations = (
				B1EB24102ABEF79400BC336B /* Debug */,
				B1EB24112ABEF79400BC336B /* Release */,
			);
			defaultConfigurationIsVisible = 0;
			defaultConfigurationName = Release;
		};
		B1EB24122ABEF79400BC336B /* Build configuration list for PBXNativeTarget "MovieBuff" */ = {
			isa = XCConfigurationList;
			buildConfigurations = (
				B1EB24132ABEF79400BC336B /* Debug */,
				B1EB24142ABEF79400BC336B /* Release */,
			);
			defaultConfigurationIsVisible = 0;
			defaultConfigurationName = Release;
		};
		B1EB24152ABEF79400BC336B /* Build configuration list for PBXNativeTarget "MovieBuffTests" */ = {
			isa = XCConfigurationList;
			buildConfigurations = (
				B1EB24162ABEF79400BC336B /* Debug */,
				B1EB24172ABEF79400BC336B /* Release */,
			);
			defaultConfigurationIsVisible = 0;
			defaultConfigurationName = Release;
		};
		B1EB24182ABEF79400BC336B /* Build configuration list for PBXNativeTarget "MovieBuffUITests" */ = {
			isa = XCConfigurationList;
			buildConfigurations = (
				B1EB24192ABEF79400BC336B /* Debug */,
				B1EB241A2ABEF79400BC336B /* Release */,
			);
			defaultConfigurationIsVisible = 0;
			defaultConfigurationName = Release;
		};
/* End XCConfigurationList section */
	};
	rootObject = B1EB23E02ABEF79200BC336B /* Project object */;
}
